
Microsoft Visual Studio Solution File, Format Version 12.00
# Visual Studio Version 17
VisualStudioVersion = 17.5.33530.505
MinimumVisualStudioVersion = 10.0.40219.1
Project("{FAE04EC0-301F-11D3-BF4B-00C04F79EFBC}") = "Chest", "Chest\Chest.csproj", "{D56C9377-76F7-4DE5-891D-3DE78869423C}"
EndProject
Global
	GlobalSection(SolutionConfigurationPlatforms) = preSolution
		Debug|Any CPU = Debug|Any CPU
		Release|Any CPU = Release|Any CPU
	EndGlobalSection
	GlobalSection(ProjectConfigurationPlatforms) = postSolution
		{D56C9377-76F7-4DE5-891D-3DE78869423C}.Debug|Any CPU.ActiveCfg = Debug|Any CPU
		{D56C9377-76F7-4DE5-891D-3DE78869423C}.Debug|Any CPU.Build.0 = Debug|Any CPU
		{D56C9377-76F7-4DE5-891D-3DE78869423C}.Release|Any CPU.ActiveCfg = Release|Any CPU
		{D56C9377-76F7-4DE5-891D-3DE78869423C}.Release|Any CPU.Build.0 = Release|Any CPU
	EndGlobalSection
	GlobalSection(SolutionProperties) = preSolution
		HideSolutionNode = FALSE
	EndGlobalSection
	GlobalSection(ExtensibilityGlobals) = postSolution
		SolutionGuid = {1577E9C3-CCE1-4109-8970-FA0FD7D097D7}
	EndGlobalSection
EndGlobal
